
Microsoft Visual Studio Solution File, Format Version 12.00
# Visual Studio Version 17
VisualStudioVersion = 17.8.34330.188
MinimumVisualStudioVersion = 10.0.40219.1
Project("{8BC9CEB8-8B4A-11D0-8D11-00A0C91BC942}") = "lab5 dop3,1", "lab5 dop3,1\lab5 dop3,1.vcxproj", "{CC7590D9-2094-4637-9A44-B23EEF627FC6}"
EndProject
Global
	GlobalSection(SolutionConfigurationPlatforms) = preSolution
		Debug|x64 = Debug|x64
		Debug|x86 = Debug|x86
		Release|x64 = Release|x64
		Release|x86 = Release|x86
	EndGlobalSection
	GlobalSection(ProjectConfigurationPlatforms) = postSolution
		{CC7590D9-2094-4637-9A44-B23EEF627FC6}.Debug|x64.ActiveCfg = Debug|x64
		{CC7590D9-2094-4637-9A44-B23EEF627FC6}.Debug|x64.Build.0 = Debug|x64
		{CC7590D9-2094-4637-9A44-B23EEF627FC6}.Debug|x86.ActiveCfg = Debug|Win32
		{CC7590D9-2094-4637-9A44-B23EEF627FC6}.Debug|x86.Build.0 = Debug|Win32
		{CC7590D9-2094-4637-9A44-B23EEF627FC6}.Release|x64.ActiveCfg = Release|x64
		{CC7590D9-2094-4637-9A44-B23EEF627FC6}.Release|x64.Build.0 = Release|x64
		{CC7590D9-2094-4637-9A44-B23EEF627FC6}.Release|x86.ActiveCfg = Release|Win32
		{CC7590D9-2094-4637-9A44-B23EEF627FC6}.Release|x86.Build.0 = Release|Win32
	EndGlobalSection
	GlobalSection(SolutionProperties) = preSolution
		HideSolutionNode = FALSE
	EndGlobalSection
	GlobalSection(ExtensibilityGlobals) = postSolution
		SolutionGuid = {899C08E3-5363-4D07-8637-8A730D1670C7}
	EndGlobalSection
EndGlobal
